// !$*UTF8*$!
{
	archiveVersion = 1;
	classes = {
	};
	objectVersion = 46;
	objects = {

/* Begin PBXBuildFile section */
		9BFFD2E81D280FEB006C5BC1 /* AppDelegate.swift in Sources */ = {isa = PBXBuildFile; fileRef = 9BFFD2E71D280FEB006C5BC1 /* AppDelegate.swift */; };
		9BFFD2EA1D280FEB006C5BC1 /* ViewController.swift in Sources */ = {isa = PBXBuildFile; fileRef = 9BFFD2E91D280FEB006C5BC1 /* ViewController.swift */; };
		9BFFD2ED1D280FEB006C5BC1 /* Main.storyboard in Resources */ = {isa = PBXBuildFile; fileRef = 9BFFD2EB1D280FEB006C5BC1 /* Main.storyboard */; };
		9BFFD2EF1D280FEB006C5BC1 /* Assets.xcassets in Resources */ = {isa = PBXBuildFile; fileRef = 9BFFD2EE1D280FEB006C5BC1 /* Assets.xcassets */; };
		9BFFD2F21D280FEB006C5BC1 /* LaunchScreen.storyboard in Resources */ = {isa = PBXBuildFile; fileRef = 9BFFD2F01D280FEB006C5BC1 /* LaunchScreen.storyboard */; };
		9BFFD2FD1D280FEB006C5BC1 /* JSPatchSwiftTests.swift in Sources */ = {isa = PBXBuildFile; fileRef = 9BFFD2FC1D280FEB006C5BC1 /* JSPatchSwiftTests.swift */; };
		9BFFD3081D280FEB006C5BC1 /* JSPatchSwiftUITests.swift in Sources */ = {isa = PBXBuildFile; fileRef = 9BFFD3071D280FEB006C5BC1 /* JSPatchSwiftUITests.swift */; };
/* End PBXBuildFile section */

/* Begin PBXContainerItemProxy section */
		9BFFD2F91D280FEB006C5BC1 /* PBXContainerItemProxy */ = {
			isa = PBXContainerItemProxy;
			containerPortal = 9BFFD2DC1D280FEB006C5BC1 /* Project object */;
			proxyType = 1;
			remoteGlobalIDString = 9BFFD2E31D280FEB006C5BC1;
			remoteInfo = JSPatchSwift;
		};
		9BFFD3041D280FEB006C5BC1 /* PBXContainerItemProxy */ = {
			isa = PBXContainerItemProxy;
			containerPortal = 9BFFD2DC1D280FEB006C5BC1 /* Project object */;
			proxyType = 1;
			remoteGlobalIDString = 9BFFD2E31D280FEB006C5BC1;
			remoteInfo = JSPatchSwift;
		};
/* End PBXContainerItemProxy section */

/* Begin PBXFileReference section */
		9BFFD2E41D280FEB006C5BC1 /* JSPatchSwift.app */ = {isa = PBXFileReference; explicitFileType = wrapper.application; includeInIndex = 0; path = JSPatchSwift.app; sourceTree = BUILT_PRODUCTS_DIR; };
		9BFFD2E71D280FEB006C5BC1 /* AppDelegate.swift */ = {isa = PBXFileReference; lastKnownFileType = sourcecode.swift; path = AppDelegate.swift; sourceTree = "<group>"; };
		9BFFD2E91D280FEB006C5BC1 /* ViewController.swift */ = {isa = PBXFileReference; lastKnownFileType = sourcecode.swift; path = ViewController.swift; sourceTree = "<group>"; };
		9BFFD2EC1D280FEB006C5BC1 /* Base */ = {isa = PBXFileReference; lastKnownFileType = file.storyboard; name = Base; path = Base.lproj/Main.storyboard; sourceTree = "<group>"; };
		9BFFD2EE1D280FEB006C5BC1 /* Assets.xcassets */ = {isa = PBXFileReference; lastKnownFileType = folder.assetcatalog; path = Assets.xcassets; sourceTree = "<group>"; };
		9BFFD2F11D280FEB006C5BC1 /* Base */ = {isa = PBXFileReference; lastKnownFileType = file.storyboard; name = Base; path = Base.lproj/LaunchScreen.storyboard; sourceTree = "<group>"; };
		9BFFD2F31D280FEB006C5BC1 /* Info.plist */ = {isa = PBXFileReference; lastKnownFileType = text.plist.xml; path = Info.plist; sourceTree = "<group>"; };
		9BFFD2F81D280FEB006C5BC1 /* JSPatchSwiftTests.xctest */ = {isa = PBXFileReference; explicitFileType = wrapper.cfbundle; includeInIndex = 0; path = JSPatchSwiftTests.xctest; sourceTree = BUILT_PRODUCTS_DIR; };
		9BFFD2FC1D280FEB006C5BC1 /* JSPatchSwiftTests.swift */ = {isa = PBXFileReference; lastKnownFileType = sourcecode.swift; path = JSPatchSwiftTests.swift; sourceTree = "<group>"; };
		9BFFD2FE1D280FEB006C5BC1 /* Info.plist */ = {isa = PBXFileReference; lastKnownFileType = text.plist.xml; path = Info.plist; sourceTree = "<group>"; };
		9BFFD3031D280FEB006C5BC1 /* JSPatchSwiftUITests.xctest */ = {isa = PBXFileReference; explicitFileType = wrapper.cfbundle; includeInIndex = 0; path = JSPatchSwiftUITests.xctest; sourceTree = BUILT_PRODUCTS_DIR; };
		9BFFD3071D280FEB006C5BC1 /* JSPatchSwiftUITests.swift */ = {isa = PBXFileReference; lastKnownFileType = sourcecode.swift; path = JSPatchSwiftUITests.swift; sourceTree = "<group>"; };
		9BFFD3091D280FEB006C5BC1 /* Info.plist */ = {isa = PBXFileReference; lastKnownFileType = text.plist.xml; path = Info.plist; sourceTree = "<group>"; };
/* End PBXFileReference section */

/* Begin PBXFrameworksBuildPhase section */
		9BFFD2E11D280FEB006C5BC1 /* Frameworks */ = {
			isa = PBXFrameworksBuildPhase;
			buildActionMask = 2147483647;
			files = (
			);
			runOnlyForDeploymentPostprocessing = 0;
		};
		9BFFD2F51D280FEB006C5BC1 /* Frameworks */ = {
			isa = PBXFrameworksBuildPhase;
			buildActionMask = 2147483647;
			files = (
			);
			runOnlyForDeploymentPostprocessing = 0;
		};
		9BFFD3001D280FEB006C5BC1 /* Frameworks */ = {
			isa = PBXFrameworksBuildPhase;
			buildActionMask = 2147483647;
			files = (
			);
			runOnlyForDeploymentPostprocessing = 0;
		};
/* End PBXFrameworksBuildPhase section */

/* Begin PBXGroup section */
		9BFFD2DB1D280FEB006C5BC1 = {
			isa = PBXGroup;
			children = (
				9BFFD2E61D280FEB006C5BC1 /* JSPatchSwift */,
				9BFFD2FB1D280FEB006C5BC1 /* JSPatchSwiftTests */,
				9BFFD3061D280FEB006C5BC1 /* JSPatchSwiftUITests */,
				9BFFD2E51D280FEB006C5BC1 /* Products */,
			);
			sourceTree = "<group>";
		};
		9BFFD2E51D280FEB006C5BC1 /* Products */ = {
			isa = PBXGroup;
			children = (
				9BFFD2E41D280FEB006C5BC1 /* JSPatchSwift.app */,
				9BFFD2F81D280FEB006C5BC1 /* JSPatchSwiftTests.xctest */,
				9BFFD3031D280FEB006C5BC1 /* JSPatchSwiftUITests.xctest */,
			);
			name = Products;
			sourceTree = "<group>";
		};
		9BFFD2E61D280FEB006C5BC1 /* JSPatchSwift */ = {
			isa = PBXGroup;
			children = (
				9BFFD2E71D280FEB006C5BC1 /* AppDelegate.swift */,
				9BFFD2E91D280FEB006C5BC1 /* ViewController.swift */,
				9BFFD2EB1D280FEB006C5BC1 /* Main.storyboard */,
				9BFFD2EE1D280FEB006C5BC1 /* Assets.xcassets */,
				9BFFD2F01D280FEB006C5BC1 /* LaunchScreen.storyboard */,
				9BFFD2F31D280FEB006C5BC1 /* Info.plist */,
			);
			path = JSPatchSwift;
			sourceTree = "<group>";
		};
		9BFFD2FB1D280FEB006C5BC1 /* JSPatchSwiftTests */ = {
			isa = PBXGroup;
			children = (
				9BFFD2FC1D280FEB006C5BC1 /* JSPatchSwiftTests.swift */,
				9BFFD2FE1D280FEB006C5BC1 /* Info.plist */,
			);
			path = JSPatchSwiftTests;
			sourceTree = "<group>";
		};
		9BFFD3061D280FEB006C5BC1 /* JSPatchSwiftUITests */ = {
			isa = PBXGroup;
			children = (
				9BFFD3071D280FEB006C5BC1 /* JSPatchSwiftUITests.swift */,
				9BFFD3091D280FEB006C5BC1 /* Info.plist */,
			);
			path = JSPatchSwiftUITests;
			sourceTree = "<group>";
		};
/* End PBXGroup section */

/* Begin PBXNativeTarget section */
		9BFFD2E31D280FEB006C5BC1 /* JSPatchSwift */ = {
			isa = PBXNativeTarget;
			buildConfigurationList = 9BFFD30C1D280FEB006C5BC1 /* Build configuration list for PBXNativeTarget "JSPatchSwift" */;
			buildPhases = (
				9BFFD2E01D280FEB006C5BC1 /* Sources */,
				9BFFD2E11D280FEB006C5BC1 /* Frameworks */,
				9BFFD2E21D280FEB006C5BC1 /* Resources */,
			);
			buildRules = (
			);
			dependencies = (
			);
			name = JSPatchSwift;
			productName = JSPatchSwift;
			productReference = 9BFFD2E41D280FEB006C5BC1 /* JSPatchSwift.app */;
			productType = "com.apple.product-type.application";
		};
		9BFFD2F71D280FEB006C5BC1 /* JSPatchSwiftTests */ = {
			isa = PBXNativeTarget;
			buildConfigurationList = 9BFFD30F1D280FEB006C5BC1 /* Build configuration list for PBXNativeTarget "JSPatchSwiftTests" */;
			buildPhases = (
				9BFFD2F41D280FEB006C5BC1 /* Sources */,
				9BFFD2F51D280FEB006C5BC1 /* Frameworks */,
				9BFFD2F61D280FEB006C5BC1 /* Resources */,
			);
			buildRules = (
			);
			dependencies = (
				9BFFD2FA1D280FEB006C5BC1 /* PBXTargetDependency */,
			);
			name = JSPatchSwiftTests;
			productName = JSPatchSwiftTests;
			productReference = 9BFFD2F81D280FEB006C5BC1 /* JSPatchSwiftTests.xctest */;
			productType = "com.apple.product-type.bundle.unit-test";
		};
		9BFFD3021D280FEB006C5BC1 /* JSPatchSwiftUITests */ = {
			isa = PBXNativeTarget;
			buildConfigurationList = 9BFFD3121D280FEB006C5BC1 /* Build configuration list for PBXNativeTarget "JSPatchSwiftUITests" */;
			buildPhases = (
				9BFFD2FF1D280FEB006C5BC1 /* Sources */,
				9BFFD3001D280FEB006C5BC1 /* Frameworks */,
				9BFFD3011D280FEB006C5BC1 /* Resources */,
			);
			buildRules = (
			);
			dependencies = (
				9BFFD3051D280FEB006C5BC1 /* PBXTargetDependency */,
			);
			name = JSPatchSwiftUITests;
			productName = JSPatchSwiftUITests;
			productReference = 9BFFD3031D280FEB006C5BC1 /* JSPatchSwiftUITests.xctest */;
			productType = "com.apple.product-type.bundle.ui-testing";
		};
/* End PBXNativeTarget section */

/* Begin PBXProject section */
		9BFFD2DC1D280FEB006C5BC1 /* Project object */ = {
			isa = PBXProject;
			attributes = {
				LastSwiftUpdateCheck = 0730;
				LastUpgradeCheck = 0730;
				ORGANIZATIONNAME = "极客栈";
				TargetAttributes = {
					9BFFD2E31D280FEB006C5BC1 = {
						CreatedOnToolsVersion = 7.3;
					};
					9BFFD2F71D280FEB006C5BC1 = {
						CreatedOnToolsVersion = 7.3;
						TestTargetID = 9BFFD2E31D280FEB006C5BC1;
					};
					9BFFD3021D280FEB006C5BC1 = {
						CreatedOnToolsVersion = 7.3;
						TestTargetID = 9BFFD2E31D280FEB006C5BC1;
					};
				};
			};
			buildConfigurationList = 9BFFD2DF1D280FEB006C5BC1 /* Build configuration list for PBXProject "JSPatchSwift" */;
			compatibilityVersion = "Xcode 3.2";
			developmentRegion = English;
			hasScannedForEncodings = 0;
			knownRegions = (
				en,
				Base,
			);
			mainGroup = 9BFFD2DB1D280FEB006C5BC1;
			productRefGroup = 9BFFD2E51D280FEB006C5BC1 /* Products */;
			projectDirPath = "";
			projectRoot = "";
			targets = (
				9BFFD2E31D280FEB006C5BC1 /* JSPatchSwift */,
				9BFFD2F71D280FEB006C5BC1 /* JSPatchSwiftTests */,
				9BFFD3021D280FEB006C5BC1 /* JSPatchSwiftUITests */,
			);
		};
/* End PBXProject section */

/* Begin PBXResourcesBuildPhase section */
		9BFFD2E21D280FEB006C5BC1 /* Resources */ = {
			isa = PBXResourcesBuildPhase;
			buildActionMask = 2147483647;
			files = (
				9BFFD2F21D280FEB006C5BC1 /* LaunchScreen.storyboard in Resources */,
				9BFFD2EF1D280FEB006C5BC1 /* Assets.xcassets in Resources */,
				9BFFD2ED1D280FEB006C5BC1 /* Main.storyboard in Resources */,
			);
			runOnlyForDeploymentPostprocessing = 0;
		};
		9BFFD2F61D280FEB006C5BC1 /* Resources */ = {
			isa = PBXResourcesBuildPhase;
			buildActionMask = 2147483647;
			files = (
			);
			runOnlyForDeploymentPostprocessing = 0;
		};
		9BFFD3011D280FEB006C5BC1 /* Resources */ = {
			isa = PBXResourcesBuildPhase;
			buildActionMask = 2147483647;
			files = (
			);
			runOnlyForDeploymentPostprocessing = 0;
		};
/* End PBXResourcesBuildPhase section */

/* Begin PBXSourcesBuildPhase section */
		9BFFD2E01D280FEB006C5BC1 /* Sources */ = {
			isa = PBXSourcesBuildPhase;
			buildActionMask = 2147483647;
			files = (
				9BFFD2EA1D280FEB006C5BC1 /* ViewController.swift in Sources */,
				9BFFD2E81D280FEB006C5BC1 /* AppDelegate.swift in Sources */,
			);
			runOnlyForDeploymentPostprocessing = 0;
		};
		9BFFD2F41D280FEB006C5BC1 /* Sources */ = {
			isa = PBXSourcesBuildPhase;
			buildActionMask = 2147483647;
			files = (
				9BFFD2FD1D280FEB006C5BC1 /* JSPatchSwiftTests.swift in Sources */,
			);
			runOnlyForDeploymentPostprocessing = 0;
		};
		9BFFD2FF1D280FEB006C5BC1 /* Sources */ = {
			isa = PBXSourcesBuildPhase;
			buildActionMask = 2147483647;
			files = (
				9BFFD3081D280FEB006C5BC1 /* JSPatchSwiftUITests.swift in Sources */,
			);
			runOnlyForDeploymentPostprocessing = 0;
		};
/* End PBXSourcesBuildPhase section */

/* Begin PBXTargetDependency section */
		9BFFD2FA1D280FEB006C5BC1 /* PBXTargetDependency */ = {
			isa = PBXTargetDependency;
			target = 9BFFD2E31D280FEB006C5BC1 /* JSPatchSwift */;
			targetProxy = 9BFFD2F91D280FEB006C5BC1 /* PBXContainerItemProxy */;
		};
		9BFFD3051D280FEB006C5BC1 /* PBXTargetDependency */ = {
			isa = PBXTargetDependency;
			target = 9BFFD2E31D280FEB006C5BC1 /* JSPatchSwift */;
			targetProxy = 9BFFD3041D280FEB006C5BC1 /* PBXContainerItemProxy */;
		};
/* End PBXTargetDependency section */

/* Begin PBXVariantGroup section */
		9BFFD2EB1D280FEB006C5BC1 /* Main.storyboard */ = {
			isa = PBXVariantGroup;
			children = (
				9BFFD2EC1D280FEB006C5BC1 /* Base */,
			);
			name = Main.storyboard;
			sourceTree = "<group>";
		};
		9BFFD2F01D280FEB006C5BC1 /* LaunchScreen.storyboard */ = {
			isa = PBXVariantGroup;
			children = (
				9BFFD2F11D280FEB006C5BC1 /* Base */,
			);
			name = LaunchScreen.storyboard;
			sourceTree = "<group>";
		};
/* End PBXVariantGroup section */

/* Begin XCBuildConfiguration section */
		9BFFD30A1D280FEB006C5BC1 /* Debug */ = {
			isa = XCBuildConfiguration;
			buildSettings = {
				ALWAYS_SEARCH_USER_PATHS = NO;
				CLANG_ANALYZER_NONNULL = YES;
				CLANG_CXX_LANGUAGE_STANDARD = "gnu++0x";
				CLANG_CXX_LIBRARY = "libc++";
				CLANG_ENABLE_MODULES = YES;
				CLANG_ENABLE_OBJC_ARC = YES;
				CLANG_WARN_BOOL_CONVERSION = YES;
				CLANG_WARN_CONSTANT_CONVERSION = YES;
				CLANG_WARN_DIRECT_OBJC_ISA_USAGE = YES_ERROR;
				CLANG_WARN_EMPTY_BODY = YES;
				CLANG_WARN_ENUM_CONVERSION = YES;
				CLANG_WARN_INT_CONVERSION = YES;
				CLANG_WARN_OBJC_ROOT_CLASS = YES_ERROR;
				CLANG_WARN_UNREACHABLE_CODE = YES;
				CLANG_WARN__DUPLICATE_METHOD_MATCH = YES;
				"CODE_SIGN_IDENTITY[sdk=iphoneos*]" = "iPhone Developer";
				COPY_PHASE_STRIP = NO;
				DEBUG_INFORMATION_FORMAT = dwarf;
				ENABLE_STRICT_OBJC_MSGSEND = YES;
				ENABLE_TESTABILITY = YES;
				GCC_C_LANGUAGE_STANDARD = gnu99;
				GCC_DYNAMIC_NO_PIC = NO;
				GCC_NO_COMMON_BLOCKS = YES;
				GCC_OPTIMIZATION_LEVEL = 0;
				GCC_PREPROCESSOR_DEFINITIONS = (
					"DEBUG=1",
					"$(inherited)",
				);
				GCC_WARN_64_TO_32_BIT_CONVERSION = YES;
				GCC_WARN_ABOUT_RETURN_TYPE = YES_ERROR;
				GCC_WARN_UNDECLARED_SELECTOR = YES;
				GCC_WARN_UNINITIALIZED_AUTOS = YES_AGGRESSIVE;
				GCC_WARN_UNUSED_FUNCTION = YES;
				GCC_WARN_UNUSED_VARIABLE = YES;
				IPHONEOS_DEPLOYMENT_TARGET = 9.3;
				MTL_ENABLE_DEBUG_INFO = YES;
				ONLY_ACTIVE_ARCH = YES;
				SDKROOT = iphoneos;
				SWIFT_OPTIMIZATION_LEVEL = "-Onone";
				TARGETED_DEVICE_FAMILY = "1,2";
			};
			name = Debug;
		};
		9BFFD30B1D280FEB006C5BC1 /* Release */ = {
			isa = XCBuildConfiguration;
			buildSettings = {
				ALWAYS_SEARCH_USER_PATHS = NO;
				CLANG_ANALYZER_NONNULL = YES;
				CLANG_CXX_LANGUAGE_STANDARD = "gnu++0x";
				CLANG_CXX_LIBRARY = "libc++";
				CLANG_ENABLE_MODULES = YES;
				CLANG_ENABLE_OBJC_ARC = YES;
				CLANG_WARN_BOOL_CONVERSION = YES;
				CLANG_WARN_CONSTANT_CONVERSION = YES;
				CLANG_WARN_DIRECT_OBJC_ISA_USAGE = YES_ERROR;
				CLANG_WARN_EMPTY_BODY = YES;
				CLANG_WARN_ENUM_CONVERSION = YES;
				CLANG_WARN_INT_CONVERSION = YES;
				CLANG_WARN_OBJC_ROOT_CLASS = YES_ERROR;
				CLANG_WARN_UNREACHABLE_CODE = YES;
				CLANG_WARN__DUPLICATE_METHOD_MATCH = YES;
				"CODE_SIGN_IDENTITY[sdk=iphoneos*]" = "iPhone Developer";
				COPY_PHASE_STRIP = NO;
				DEBUG_INFORMATION_FORMAT = "dwarf-with-dsym";
				ENABLE_NS_ASSERTIONS = NO;
				ENABLE_STRICT_OBJC_MSGSEND = YES;
				GCC_C_LANGUAGE_STANDARD = gnu99;
				GCC_NO_COMMON_BLOCKS = YES;
				GCC_WARN_64_TO_32_BIT_CONVERSION = YES;
				GCC_WARN_ABOUT_RETURN_TYPE = YES_ERROR;
				GCC_WARN_UNDECLARED_SELECTOR = YES;
				GCC_WARN_UNINITIALIZED_AUTOS = YES_AGGRESSIVE;
				GCC_WARN_UNUSED_FUNCTION = YES;
				GCC_WARN_UNUSED_VARIABLE = YES;
				IPHONEOS_DEPLOYMENT_TARGET = 9.3;
				MTL_ENABLE_DEBUG_INFO = NO;
				SDKROOT = iphoneos;
				TARGETED_DEVICE_FAMILY = "1,2";
				VALIDATE_PRODUCT = YES;
			};
			name = Release;
		};
		9BFFD30D1D280FEB006C5BC1 /* Debug */ = {
			isa = XCBuildConfiguration;
			buildSettings = {
				ASSETCATALOG_COMPILER_APPICON_NAME = AppIcon;
				INFOPLIST_FILE = JSPatchSwift/Info.plist;
				LD_RUNPATH_SEARCH_PATHS = "$(inherited) @executable_path/Frameworks";
				PRODUCT_BUNDLE_IDENTIFIER = com.codinghacker.JSPatchSwift;
				PRODUCT_NAME = "$(TARGET_NAME)";
			};
			name = Debug;
		};
		9BFFD30E1D280FEB006C5BC1 /* Release */ = {
			isa = XCBuildConfiguration;
			buildSettings = {
				ASSETCATALOG_COMPILER_APPICON_NAME = AppIcon;
				INFOPLIST_FILE = JSPatchSwift/Info.plist;
				LD_RUNPATH_SEARCH_PATHS = "$(inherited) @executable_path/Frameworks";
				PRODUCT_BUNDLE_IDENTIFIER = com.codinghacker.JSPatchSwift;
				PRODUCT_NAME = "$(TARGET_NAME)";
			};
			name = Release;
		};
		9BFFD3101D280FEB006C5BC1 /* Debug */ = {
			isa = XCBuildConfiguration;
			buildSettings = {
				BUNDLE_LOADER = "$(TEST_HOST)";
				INFOPLIST_FILE = JSPatchSwiftTests/Info.plist;
				LD_RUNPATH_SEARCH_PATHS = "$(inherited) @executable_path/Frameworks @loader_path/Frameworks";
				PRODUCT_BUNDLE_IDENTIFIER = com.codinghacker.JSPatchSwiftTests;
				PRODUCT_NAME = "$(TARGET_NAME)";
				TEST_HOST = "$(BUILT_PRODUCTS_DIR)/JSPatchSwift.app/JSPatchSwift";
			};
			name = Debug;
		};
		9BFFD3111D280FEB006C5BC1 /* Release */ = {
			isa = XCBuildConfiguration;
			buildSettings = {
				BUNDLE_LOADER = "$(TEST_HOST)";
				INFOPLIST_FILE = JSPatchSwiftTests/Info.plist;
				LD_RUNPATH_SEARCH_PATHS = "$(inherited) @executable_path/Frameworks @loader_path/Frameworks";
				PRODUCT_BUNDLE_IDENTIFIER = com.codinghacker.JSPatchSwiftTests;
				PRODUCT_NAME = "$(TARGET_NAME)";
				TEST_HOST = "$(BUILT_PRODUCTS_DIR)/JSPatchSwift.app/JSPatchSwift";
			};
			name = Release;
		};
		9BFFD3131D280FEB006C5BC1 /* Debug */ = {
			isa = XCBuildConfiguration;
			buildSettings = {
				INFOPLIST_FILE = JSPatchSwiftUITests/Info.plist;
				LD_RUNPATH_SEARCH_PATHS = "$(inherited) @executable_path/Frameworks @loader_path/Frameworks";
				PRODUCT_BUNDLE_IDENTIFIER = com.codinghacker.JSPatchSwiftUITests;
				PRODUCT_NAME = "$(TARGET_NAME)";
				TEST_TARGET_NAME = JSPatchSwift;
			};
			name = Debug;
		};
		9BFFD3141D280FEB006C5BC1 /* Release */ = {
			isa = XCBuildConfiguration;
			buildSettings = {
				INFOPLIST_FILE = JSPatchSwiftUITests/Info.plist;
				LD_RUNPATH_SEARCH_PATHS = "$(inherited) @executable_path/Frameworks @loader_path/Frameworks";
				PRODUCT_BUNDLE_IDENTIFIER = com.codinghacker.JSPatchSwiftUITests;
				PRODUCT_NAME = "$(TARGET_NAME)";
				TEST_TARGET_NAME = JSPatchSwift;
			};
			name = Release;
		};
/* End XCBuildConfiguration section */

/* Begin XCConfigurationList section */
		9BFFD2DF1D280FEB006C5BC1 /* Build configuration list for PBXProject "JSPatchSwift" */ = {
			isa = XCConfigurationList;
			buildConfigurations = (
				9BFFD30A1D280FEB006C5BC1 /* Debug */,
				9BFFD30B1D280FEB006C5BC1 /* Release */,
			);
			defaultConfigurationIsVisible = 0;
			defaultConfigurationName = Release;
		};
		9BFFD30C1D280FEB006C5BC1 /* Build configuration list for PBXNativeTarget "JSPatchSwift" */ = {
			isa = XCConfigurationList;
			buildConfigurations = (
				9BFFD30D1D280FEB006C5BC1 /* Debug */,
				9BFFD30E1D280FEB006C5BC1 /* Release */,
			);
			defaultConfigurationIsVisible = 0;
		};
		9BFFD30F1D280FEB006C5BC1 /* Build configuration list for PBXNativeTarget "JSPatchSwiftTests" */ = {
			isa = XCConfigurationList;
			buildConfigurations = (
				9BFFD3101D280FEB006C5BC1 /* Debug */,
				9BFFD3111D280FEB006C5BC1 /* Release */,
			);
			defaultConfigurationIsVisible = 0;
		};
		9BFFD3121D280FEB006C5BC1 /* Build configuration list for PBXNativeTarget "JSPatchSwiftUITests" */ = {
			isa = XCConfigurationList;
			buildConfigurations = (
				9BFFD3131D280FEB006C5BC1 /* Debug */,
				9BFFD3141D280FEB006C5BC1 /* Release */,
			);
			defaultConfigurationIsVisible = 0;
		};
/* End XCConfigurationList section */
	};
	rootObject = 9BFFD2DC1D280FEB006C5BC1 /* Project object */;
}
